// !$*UTF8*$!
{
	archiveVersion = 1;
	classes = {
	};
	objectVersion = 50;
	objects = {

/* Begin PBXBuildFile section */
		A6158A832232B8EF00226C56 /* AppDelegate.swift in Sources */ = {isa = PBXBuildFile; fileRef = A6158A822232B8EF00226C56 /* AppDelegate.swift */; };
		A6158A852232B8EF00226C56 /* AllTasksTableViewController.swift in Sources */ = {isa = PBXBuildFile; fileRef = A6158A842232B8EF00226C56 /* AllTasksTableViewController.swift */; };
		A6158A882232B8EF00226C56 /* Main.storyboard in Resources */ = {isa = PBXBuildFile; fileRef = A6158A862232B8EF00226C56 /* Main.storyboard */; };
		A6158A8A2232B8F100226C56 /* Assets.xcassets in Resources */ = {isa = PBXBuildFile; fileRef = A6158A892232B8F100226C56 /* Assets.xcassets */; };
		A6158A8D2232B8F100226C56 /* LaunchScreen.storyboard in Resources */ = {isa = PBXBuildFile; fileRef = A6158A8B2232B8F100226C56 /* LaunchScreen.storyboard */; };
		A6158A952232C48A00226C56 /* NewTaskViewController.swift in Sources */ = {isa = PBXBuildFile; fileRef = A6158A942232C48A00226C56 /* NewTaskViewController.swift */; };
		A6D7948722339CC8007BAC02 /* to_dos.xcdatamodeld in Sources */ = {isa = PBXBuildFile; fileRef = A6D7948522339CC8007BAC02 /* to_dos.xcdatamodeld */; };
		A6D7948A2233A3F0007BAC02 /* CoreDataStack.swift in Sources */ = {isa = PBXBuildFile; fileRef = A6D794892233A3F0007BAC02 /* CoreDataStack.swift */; };
/* End PBXBuildFile section */

/* Begin PBXFileReference section */
		A6158A7F2232B8EF00226C56 /* ToDoApplication.app */ = {isa = PBXFileReference; explicitFileType = wrapper.application; includeInIndex = 0; path = ToDoApplication.app; sourceTree = BUILT_PRODUCTS_DIR; };
		A6158A822232B8EF00226C56 /* AppDelegate.swift */ = {isa = PBXFileReference; lastKnownFileType = sourcecode.swift; path = AppDelegate.swift; sourceTree = "<group>"; };
		A6158A842232B8EF00226C56 /* AllTasksTableViewController.swift */ = {isa = PBXFileReference; lastKnownFileType = sourcecode.swift; path = AllTasksTableViewController.swift; sourceTree = "<group>"; };
		A6158A872232B8EF00226C56 /* Base */ = {isa = PBXFileReference; lastKnownFileType = file.storyboard; name = Base; path = Base.lproj/Main.storyboard; sourceTree = "<group>"; };
		A6158A892232B8F100226C56 /* Assets.xcassets */ = {isa = PBXFileReference; lastKnownFileType = folder.assetcatalog; path = Assets.xcassets; sourceTree = "<group>"; };
		A6158A8C2232B8F100226C56 /* Base */ = {isa = PBXFileReference; lastKnownFileType = file.storyboard; name = Base; path = Base.lproj/LaunchScreen.storyboard; sourceTree = "<group>"; };
		A6158A8E2232B8F100226C56 /* Info.plist */ = {isa = PBXFileReference; lastKnownFileType = text.plist.xml; path = Info.plist; sourceTree = "<group>"; };
		A6158A942232C48A00226C56 /* NewTaskViewController.swift */ = {isa = PBXFileReference; lastKnownFileType = sourcecode.swift; path = NewTaskViewController.swift; sourceTree = "<group>"; };
		A6D7948622339CC8007BAC02 /* to_dos.xcdatamodel */ = {isa = PBXFileReference; lastKnownFileType = wrapper.xcdatamodel; path = to_dos.xcdatamodel; sourceTree = "<group>"; };
		A6D794892233A3F0007BAC02 /* CoreDataStack.swift */ = {isa = PBXFileReference; lastKnownFileType = sourcecode.swift; path = CoreDataStack.swift; sourceTree = "<group>"; };
/* End PBXFileReference section */

/* Begin PBXFrameworksBuildPhase section */
		A6158A7C2232B8EF00226C56 /* Frameworks */ = {
			isa = PBXFrameworksBuildPhase;
			buildActionMask = 2147483647;
			files = (
			);
			runOnlyForDeploymentPostprocessing = 0;
		};
/* End PBXFrameworksBuildPhase section */

/* Begin PBXGroup section */
		A6158A762232B8EF00226C56 = {
			isa = PBXGroup;
			children = (
				A6158A812232B8EF00226C56 /* ToDoApplication */,
				A6158A802232B8EF00226C56 /* Products */,
			);
			sourceTree = "<group>";
		};
		A6158A802232B8EF00226C56 /* Products */ = {
			isa = PBXGroup;
			children = (
				A6158A7F2232B8EF00226C56 /* ToDoApplication.app */,
			);
			name = Products;
			sourceTree = "<group>";
		};
		A6158A812232B8EF00226C56 /* ToDoApplication */ = {
			isa = PBXGroup;
			children = (
				A6D794882233A3DB007BAC02 /* CoreData */,
				A6158A942232C48A00226C56 /* NewTaskViewController.swift */,
				A6158A842232B8EF00226C56 /* AllTasksTableViewController.swift */,
				A6158A822232B8EF00226C56 /* AppDelegate.swift */,
				A6158A862232B8EF00226C56 /* Main.storyboard */,
				A6158A892232B8F100226C56 /* Assets.xcassets */,
				A6158A8B2232B8F100226C56 /* LaunchScreen.storyboard */,
				A6158A8E2232B8F100226C56 /* Info.plist */,
			);
			path = ToDoApplication;
			sourceTree = "<group>";
		};
		A6D794882233A3DB007BAC02 /* CoreData */ = {
			isa = PBXGroup;
			children = (
				A6D7948522339CC8007BAC02 /* to_dos.xcdatamodeld */,
				A6D794892233A3F0007BAC02 /* CoreDataStack.swift */,
			);
			path = CoreData;
			sourceTree = "<group>";
		};
/* End PBXGroup section */

/* Begin PBXNativeTarget section */
		A6158A7E2232B8EF00226C56 /* ToDoApplication */ = {
			isa = PBXNativeTarget;
			buildConfigurationList = A6158A912232B8F100226C56 /* Build configuration list for PBXNativeTarget "ToDoApplication" */;
			buildPhases = (
				A6158A7B2232B8EF00226C56 /* Sources */,
				A6158A7C2232B8EF00226C56 /* Frameworks */,
				A6158A7D2232B8EF00226C56 /* Resources */,
			);
			buildRules = (
			);
			dependencies = (
			);
			name = ToDoApplication;
			productName = ToDoApplication;
			productReference = A6158A7F2232B8EF00226C56 /* ToDoApplication.app */;
			productType = "com.apple.product-type.application";
		};
/* End PBXNativeTarget section */

/* Begin PBXProject section */
		A6158A772232B8EF00226C56 /* Project object */ = {
			isa = PBXProject;
			attributes = {
				LastSwiftUpdateCheck = 1010;
				LastUpgradeCheck = 1010;
				ORGANIZATIONNAME = "Aman Meena";
				TargetAttributes = {
					A6158A7E2232B8EF00226C56 = {
						CreatedOnToolsVersion = 10.1;
					};
				};
			};
			buildConfigurationList = A6158A7A2232B8EF00226C56 /* Build configuration list for PBXProject "ToDoApplication" */;
			compatibilityVersion = "Xcode 9.3";
			developmentRegion = en;
			hasScannedForEncodings = 0;
			knownRegions = (
				en,
				Base,
			);
			mainGroup = A6158A762232B8EF00226C56;
			productRefGroup = A6158A802232B8EF00226C56 /* Products */;
			projectDirPath = "";
			projectRoot = "";
			targets = (
				A6158A7E2232B8EF00226C56 /* ToDoApplication */,
			);
		};
/* End PBXProject section */

/* Begin PBXResourcesBuildPhase section */
		A6158A7D2232B8EF00226C56 /* Resources */ = {
			isa = PBXResourcesBuildPhase;
			buildActionMask = 2147483647;
			files = (
				A6158A8D2232B8F100226C56 /* LaunchScreen.storyboard in Resources */,
				A6158A8A2232B8F100226C56 /* Assets.xcassets in Resources */,
				A6158A882232B8EF00226C56 /* Main.storyboard in Resources */,
			);
			runOnlyForDeploymentPostprocessing = 0;
		};
/* End PBXResourcesBuildPhase section */

/* Begin PBXSourcesBuildPhase section */
		A6158A7B2232B8EF00226C56 /* Sources */ = {
			isa = PBXSourcesBuildPhase;
			buildActionMask = 2147483647;
			files = (
				A6158A852232B8EF00226C56 /* AllTasksTableViewController.swift in Sources */,
				A6158A952232C48A00226C56 /* NewTaskViewController.swift in Sources */,
				A6D7948A2233A3F0007BAC02 /* CoreDataStack.swift in Sources */,
				A6158A832232B8EF00226C56 /* AppDelegate.swift in Sources */,
				A6D7948722339CC8007BAC02 /* to_dos.xcdatamodeld in Sources */,
			);
			runOnlyForDeploymentPostprocessing = 0;
		};
/* End PBXSourcesBuildPhase section */

/* Begin PBXVariantGroup section */
		A6158A862232B8EF00226C56 /* Main.storyboard */ = {
			isa = PBXVariantGroup;
			children = (
				A6158A872232B8EF00226C56 /* Base */,
			);
			name = Main.storyboard;
			sourceTree = "<group>";
		};
		A6158A8B2232B8F100226C56 /* LaunchScreen.storyboard */ = {
			isa = PBXVariantGroup;
			children = (
				A6158A8C2232B8F100226C56 /* Base */,
			);
			name = LaunchScreen.storyboard;
			sourceTree = "<group>";
		};
/* End PBXVariantGroup section */

/* Begin XCBuildConfiguration section */
		A6158A8F2232B8F100226C56 /* Debug */ = {
			isa = XCBuildConfiguration;
			buildSettings = {
				ALWAYS_SEARCH_USER_PATHS = NO;
				CLANG_ANALYZER_NONNULL = YES;
				CLANG_ANALYZER_NUMBER_OBJECT_CONVERSION = YES_AGGRESSIVE;
				CLANG_CXX_LANGUAGE_STANDARD = "gnu++14";
				CLANG_CXX_LIBRARY = "libc++";
				CLANG_ENABLE_MODULES = YES;
				CLANG_ENABLE_OBJC_ARC = YES;
				CLANG_ENABLE_OBJC_WEAK = YES;
				CLANG_WARN_BLOCK_CAPTURE_AUTORELEASING = YES;
				CLANG_WARN_BOOL_CONVERSION = YES;
				CLANG_WARN_COMMA = YES;
				CLANG_WARN_CONSTANT_CONVERSION = YES;
				CLANG_WARN_DEPRECATED_OBJC_IMPLEMENTATIONS = YES;
				CLANG_WARN_DIRECT_OBJC_ISA_USAGE = YES_ERROR;
				CLANG_WARN_DOCUMENTATION_COMMENTS = YES;
				CLANG_WARN_EMPTY_BODY = YES;
				CLANG_WARN_ENUM_CONVERSION = YES;
				CLANG_WARN_INFINITE_RECURSION = YES;
				CLANG_WARN_INT_CONVERSION = YES;
				CLANG_WARN_NON_LITERAL_NULL_CONVERSION = YES;
				CLANG_WARN_OBJC_IMPLICIT_RETAIN_SELF = YES;
				CLANG_WARN_OBJC_LITERAL_CONVERSION = YES;
				CLANG_WARN_OBJC_ROOT_CLASS = YES_ERROR;
				CLANG_WARN_RANGE_LOOP_ANALYSIS = YES;
				CLANG_WARN_STRICT_PROTOTYPES = YES;
				CLANG_WARN_SUSPICIOUS_MOVE = YES;
				CLANG_WARN_UNGUARDED_AVAILABILITY = YES_AGGRESSIVE;
				CLANG_WARN_UNREACHABLE_CODE = YES;
				CLANG_WARN__DUPLICATE_METHOD_MATCH = YES;
				CODE_SIGN_IDENTITY = "iPhone Developer";
				COPY_PHASE_STRIP = NO;
				DEBUG_INFORMATION_FORMAT = dwarf;
				ENABLE_STRICT_OBJC_MSGSEND = YES;
				ENABLE_TESTABILITY = YES;
				GCC_C_LANGUAGE_STANDARD = gnu11;
				GCC_DYNAMIC_NO_PIC = NO;
				GCC_NO_COMMON_BLOCKS = YES;
				GCC_OPTIMIZATION_LEVEL = 0;
				GCC_PREPROCESSOR_DEFINITIONS = (
					"DEBUG=1",
					"$(inherited)",
				);
				GCC_WARN_64_TO_32_BIT_CONVERSION = YES;
				GCC_WARN_ABOUT_RETURN_TYPE = YES_ERROR;
				GCC_WARN_UNDECLARED_SELECTOR = YES;
				GCC_WARN_UNINITIALIZED_AUTOS = YES_AGGRESSIVE;
				GCC_WARN_UNUSED_FUNCTION = YES;
				GCC_WARN_UNUSED_VARIABLE = YES;
				IPHONEOS_DEPLOYMENT_TARGET = 12.1;
				MTL_ENABLE_DEBUG_INFO = INCLUDE_SOURCE;
				MTL_FAST_MATH = YES;
				ONLY_ACTIVE_ARCH = YES;
				SDKROOT = iphoneos;
				SWIFT_ACTIVE_COMPILATION_CONDITIONS = DEBUG;
				SWIFT_OPTIMIZATION_LEVEL = "-Onone";
			};
			name = Debug;
		};
		A6158A902232B8F100226C56 /* Release */ = {
			isa = XCBuildConfiguration;
			buildSettings = {
				ALWAYS_SEARCH_USER_PATHS = NO;
				CLANG_ANALYZER_NONNULL = YES;
				CLANG_ANALYZER_NUMBER_OBJECT_CONVERSION = YES_AGGRESSIVE;
				CLANG_CXX_LANGUAGE_STANDARD = "gnu++14";
				CLANG_CXX_LIBRARY = "libc++";
				CLANG_ENABLE_MODULES = YES;
				CLANG_ENABLE_OBJC_ARC = YES;
				CLANG_ENABLE_OBJC_WEAK = YES;
				CLANG_WARN_BLOCK_CAPTURE_AUTORELEASING = YES;
				CLANG_WARN_BOOL_CONVERSION = YES;
				CLANG_WARN_COMMA = YES;
				CLANG_WARN_CONSTANT_CONVERSION = YES;
				CLANG_WARN_DEPRECATED_OBJC_IMPLEMENTATIONS = YES;
				CLANG_WARN_DIRECT_OBJC_ISA_USAGE = YES_ERROR;
				CLANG_WARN_DOCUMENTATION_COMMENTS = YES;
				CLANG_WARN_EMPTY_BODY = YES;
				CLANG_WARN_ENUM_CONVERSION = YES;
				CLANG_WARN_INFINITE_RECURSION = YES;
				CLANG_WARN_INT_CONVERSION = YES;
				CLANG_WARN_NON_LITERAL_NULL_CONVERSION = YES;
				CLANG_WARN_OBJC_IMPLICIT_RETAIN_SELF = YES;
				CLANG_WARN_OBJC_LITERAL_CONVERSION = YES;
				CLANG_WARN_OBJC_ROOT_CLASS = YES_ERROR;
				CLANG_WARN_RANGE_LOOP_ANALYSIS = YES;
				CLANG_WARN_STRICT_PROTOTYPES = YES;
				CLANG_WARN_SUSPICIOUS_MOVE = YES;
				CLANG_WARN_UNGUARDED_AVAILABILITY = YES_AGGRESSIVE;
				CLANG_WARN_UNREACHABLE_CODE = YES;
				CLANG_WARN__DUPLICATE_METHOD_MATCH = YES;
				CODE_SIGN_IDENTITY = "iPhone Developer";
				COPY_PHASE_STRIP = NO;
				DEBUG_INFORMATION_FORMAT = "dwarf-with-dsym";
				ENABLE_NS_ASSERTIONS = NO;
				ENABLE_STRICT_OBJC_MSGSEND = YES;
				GCC_C_LANGUAGE_STANDARD = gnu11;
				GCC_NO_COMMON_BLOCKS = YES;
				GCC_WARN_64_TO_32_BIT_CONVERSION = YES;
				GCC_WARN_ABOUT_RETURN_TYPE = YES_ERROR;
				GCC_WARN_UNDECLARED_SELECTOR = YES;
				GCC_WARN_UNINITIALIZED_AUTOS = YES_AGGRESSIVE;
				GCC_WARN_UNUSED_FUNCTION = YES;
				GCC_WARN_UNUSED_VARIABLE = YES;
				IPHONEOS_DEPLOYMENT_TARGET = 12.1;
				MTL_ENABLE_DEBUG_INFO = NO;
				MTL_FAST_MATH = YES;
				SDKROOT = iphoneos;
				SWIFT_COMPILATION_MODE = wholemodule;
				SWIFT_OPTIMIZATION_LEVEL = "-O";
				VALIDATE_PRODUCT = YES;
			};
			name = Release;
		};
		A6158A922232B8F100226C56 /* Debug */ = {
			isa = XCBuildConfiguration;
			buildSettings = {
				ASSETCATALOG_COMPILER_APPICON_NAME = AppIcon;
				CODE_SIGN_STYLE = Automatic;
				DEVELOPMENT_TEAM = 57DLV9DHHX;
				INFOPLIST_FILE = ToDoApplication/Info.plist;
				LD_RUNPATH_SEARCH_PATHS = (
					"$(inherited)",
					"@executable_path/Frameworks",
				);
				PRODUCT_BUNDLE_IDENTIFIER = com.amanmeena.ToDoApplication;
				PRODUCT_NAME = "$(TARGET_NAME)";
				SWIFT_VERSION = 4.2;
				TARGETED_DEVICE_FAMILY = "1,2";
			};
			name = Debug;
		};
		A6158A932232B8F100226C56 /* Release */ = {
			isa = XCBuildConfiguration;
			buildSettings = {
				ASSETCATALOG_COMPILER_APPICON_NAME = AppIcon;
				CODE_SIGN_STYLE = Automatic;
				DEVELOPMENT_TEAM = 57DLV9DHHX;
				INFOPLIST_FILE = ToDoApplication/Info.plist;
				LD_RUNPATH_SEARCH_PATHS = (
					"$(inherited)",
					"@executable_path/Frameworks",
				);
				PRODUCT_BUNDLE_IDENTIFIER = com.amanmeena.ToDoApplication;
				PRODUCT_NAME = "$(TARGET_NAME)";
				SWIFT_VERSION = 4.2;
				TARGETED_DEVICE_FAMILY = "1,2";
			};
			name = Release;
		};
/* End XCBuildConfiguration section */

/* Begin XCConfigurationList section */
		A6158A7A2232B8EF00226C56 /* Build configuration list for PBXProject "ToDoApplication" */ = {
			isa = XCConfigurationList;
			buildConfigurations = (
				A6158A8F2232B8F100226C56 /* Debug */,
				A6158A902232B8F100226C56 /* Release */,
			);
			defaultConfigurationIsVisible = 0;
			defaultConfigurationName = Release;
		};
		A6158A912232B8F100226C56 /* Build configuration list for PBXNativeTarget "ToDoApplication" */ = {
			isa = XCConfigurationList;
			buildConfigurations = (
				A6158A922232B8F100226C56 /* Debug */,
				A6158A932232B8F100226C56 /* Release */,
			);
			defaultConfigurationIsVisible = 0;
			defaultConfigurationName = Release;
		};
/* End XCConfigurationList section */

/* Begin XCVersionGroup section */
		A6D7948522339CC8007BAC02 /* to_dos.xcdatamodeld */ = {
			isa = XCVersionGroup;
			children = (
				A6D7948622339CC8007BAC02 /* to_dos.xcdatamodel */,
			);
			currentVersion = A6D7948622339CC8007BAC02 /* to_dos.xcdatamodel */;
			path = to_dos.xcdatamodeld;
			sourceTree = "<group>";
			versionGroupType = wrapper.xcdatamodel;
		};
/* End XCVersionGroup section */
	};
	rootObject = A6158A772232B8EF00226C56 /* Project object */;
}
